
Microsoft Visual Studio Solution File, Format Version 12.00
# Visual Studio Version 16
VisualStudioVersion = 16.0.30804.86
MinimumVisualStudioVersion = 10.0.40219.1
Project("{8BC9CEB8-8B4A-11D0-8D11-00A0C91BC942}") = "mp2-lab3-stack", "mp2-lab3-stack\mp2-lab3-stack.vcxproj", "{D7567A97-E3A4-45A2-A2F5-F6EAD29BE8A0}"
EndProject
Project("{8BC9CEB8-8B4A-11D0-8D11-00A0C91BC942}") = "TestStack", "TestStack\TestStack.vcxproj", "{2008BC87-DA67-4FC5-BE31-A0DE8668CE0F}"
EndProject
Project("{8BC9CEB8-8B4A-11D0-8D11-00A0C91BC942}") = "Test_Stack", "Test_Stack\Test_Stack.vcxproj", "{04BE0671-798C-4D8C-92C9-5DECE6B2B2AB}"
EndProject
Global
	GlobalSection(SolutionConfigurationPlatforms) = preSolution
		Debug|x64 = Debug|x64
		Debug|x86 = Debug|x86
		Release|x64 = Release|x64
		Release|x86 = Release|x86
	EndGlobalSection
	GlobalSection(ProjectConfigurationPlatforms) = postSolution
		{D7567A97-E3A4-45A2-A2F5-F6EAD29BE8A0}.Debug|x64.ActiveCfg = Debug|x64
		{D7567A97-E3A4-45A2-A2F5-F6EAD29BE8A0}.Debug|x64.Build.0 = Debug|x64
		{D7567A97-E3A4-45A2-A2F5-F6EAD29BE8A0}.Debug|x86.ActiveCfg = Debug|Win32
		{D7567A97-E3A4-45A2-A2F5-F6EAD29BE8A0}.Debug|x86.Build.0 = Debug|Win32
		{D7567A97-E3A4-45A2-A2F5-F6EAD29BE8A0}.Release|x64.ActiveCfg = Release|x64
		{D7567A97-E3A4-45A2-A2F5-F6EAD29BE8A0}.Release|x64.Build.0 = Release|x64
		{D7567A97-E3A4-45A2-A2F5-F6EAD29BE8A0}.Release|x86.ActiveCfg = Release|Win32
		{D7567A97-E3A4-45A2-A2F5-F6EAD29BE8A0}.Release|x86.Build.0 = Release|Win32
		{2008BC87-DA67-4FC5-BE31-A0DE8668CE0F}.Debug|x64.ActiveCfg = Debug|x64
		{2008BC87-DA67-4FC5-BE31-A0DE8668CE0F}.Debug|x64.Build.0 = Debug|x64
		{2008BC87-DA67-4FC5-BE31-A0DE8668CE0F}.Debug|x86.ActiveCfg = Debug|Win32
		{2008BC87-DA67-4FC5-BE31-A0DE8668CE0F}.Debug|x86.Build.0 = Debug|Win32
		{2008BC87-DA67-4FC5-BE31-A0DE8668CE0F}.Release|x64.ActiveCfg = Release|x64
		{2008BC87-DA67-4FC5-BE31-A0DE8668CE0F}.Release|x64.Build.0 = Release|x64
		{2008BC87-DA67-4FC5-BE31-A0DE8668CE0F}.Release|x86.ActiveCfg = Release|Win32
		{2008BC87-DA67-4FC5-BE31-A0DE8668CE0F}.Release|x86.Build.0 = Release|Win32
		{04BE0671-798C-4D8C-92C9-5DECE6B2B2AB}.Debug|x64.ActiveCfg = Debug|x64
		{04BE0671-798C-4D8C-92C9-5DECE6B2B2AB}.Debug|x64.Build.0 = Debug|x64
		{04BE0671-798C-4D8C-92C9-5DECE6B2B2AB}.Debug|x86.ActiveCfg = Debug|Win32
		{04BE0671-798C-4D8C-92C9-5DECE6B2B2AB}.Debug|x86.Build.0 = Debug|Win32
		{04BE0671-798C-4D8C-92C9-5DECE6B2B2AB}.Release|x64.ActiveCfg = Release|x64
		{04BE0671-798C-4D8C-92C9-5DECE6B2B2AB}.Release|x64.Build.0 = Release|x64
		{04BE0671-798C-4D8C-92C9-5DECE6B2B2AB}.Release|x86.ActiveCfg = Release|Win32
		{04BE0671-798C-4D8C-92C9-5DECE6B2B2AB}.Release|x86.Build.0 = Release|Win32
	EndGlobalSection
	GlobalSection(SolutionProperties) = preSolution
		HideSolutionNode = FALSE
	EndGlobalSection
	GlobalSection(ExtensibilityGlobals) = postSolution
		SolutionGuid = {4DB7526B-7EC2-413E-947C-1BB4A505EE1A}
	EndGlobalSection
EndGlobal
